
Microsoft Visual Studio Solution File, Format Version 12.00
# Visual Studio Version 17
VisualStudioVersion = 17.14.35906.104
MinimumVisualStudioVersion = 10.0.40219.1
Project("{FAE04EC0-301F-11D3-BF4B-00C04F79EFBC}") = "libVlc.Maui.Droid.Repro", "libVlc.Maui.Droid.Repro\libVlc.Maui.Droid.Repro.csproj", "{A9779EE8-8EE6-443B-B5FD-3838E0AFF1BE}"
EndProject
Project("{FAE04EC0-301F-11D3-BF4B-00C04F79EFBC}") = "LibVLCSharp.MAUI.Sample", "LibVLCSharp.MAUI.Sample\LibVLCSharp.MAUI.Sample.csproj", "{ABE8C852-4434-42CB-8645-9D1F7879732B}"
EndProject
Project("{FAE04EC0-301F-11D3-BF4B-00C04F79EFBC}") = "LibVLCSharp.MAUI", "LibVLCSharp.MAUI\LibVLCSharp.MAUI.csproj", "{FAAEA44B-B459-72EE-365F-FED251E49226}"
EndProject
Project("{2150E333-8FDC-42A3-9474-1A3956D46DE8}") = "src", "src", "{827E0CD3-B72D-47B6-A68D-7590B98EB39B}"
EndProject
Project("{FAE04EC0-301F-11D3-BF4B-00C04F79EFBC}") = "LibVLCSharp.MAUI", "src\LibVLCSharp.MAUI\LibVLCSharp.MAUI.csproj", "{50C3F862-F679-4208-AC01-3CBA9C994AC8}"
EndProject
Project("{FAE04EC0-301F-11D3-BF4B-00C04F79EFBC}") = "LibVLCSharp.WinUI", "src\LibVLCSharp.WinUI\LibVLCSharp.WinUI.csproj", "{1377EBAF-FAB8-45DD-A65F-4C304FF72165}"
EndProject
Project("{FAE04EC0-301F-11D3-BF4B-00C04F79EFBC}") = "LibVLCSharp.Android.AWindowModern", "src\LibVLCSharp.Android.AWindowModern\LibVLCSharp.Android.AWindowModern.csproj", "{36934046-EF30-4786-936E-6781ECFED5C6}"
EndProject
Project("{FAE04EC0-301F-11D3-BF4B-00C04F79EFBC}") = "LibVLCSharp", "src\LibVLCSharp\LibVLCSharp.csproj", "{4A9A4723-83B9-4169-A7E4-68030F78CB85}"
EndProject
Global
	GlobalSection(SolutionConfigurationPlatforms) = preSolution
		Debug|Any CPU = Debug|Any CPU
		Debug|x64 = Debug|x64
		Debug|x86 = Debug|x86
		Release|Any CPU = Release|Any CPU
		Release|x64 = Release|x64
		Release|x86 = Release|x86
	EndGlobalSection
	GlobalSection(ProjectConfigurationPlatforms) = postSolution
		{A9779EE8-8EE6-443B-B5FD-3838E0AFF1BE}.Debug|Any CPU.ActiveCfg = Debug|Any CPU
		{A9779EE8-8EE6-443B-B5FD-3838E0AFF1BE}.Debug|Any CPU.Build.0 = Debug|Any CPU
		{A9779EE8-8EE6-443B-B5FD-3838E0AFF1BE}.Debug|x64.ActiveCfg = Debug|Any CPU
		{A9779EE8-8EE6-443B-B5FD-3838E0AFF1BE}.Debug|x64.Build.0 = Debug|Any CPU
		{A9779EE8-8EE6-443B-B5FD-3838E0AFF1BE}.Debug|x86.ActiveCfg = Debug|Any CPU
		{A9779EE8-8EE6-443B-B5FD-3838E0AFF1BE}.Debug|x86.Build.0 = Debug|Any CPU
		{A9779EE8-8EE6-443B-B5FD-3838E0AFF1BE}.Release|Any CPU.ActiveCfg = Release|Any CPU
		{A9779EE8-8EE6-443B-B5FD-3838E0AFF1BE}.Release|Any CPU.Build.0 = Release|Any CPU
		{A9779EE8-8EE6-443B-B5FD-3838E0AFF1BE}.Release|x64.ActiveCfg = Release|Any CPU
		{A9779EE8-8EE6-443B-B5FD-3838E0AFF1BE}.Release|x64.Build.0 = Release|Any CPU
		{A9779EE8-8EE6-443B-B5FD-3838E0AFF1BE}.Release|x86.ActiveCfg = Release|Any CPU
		{A9779EE8-8EE6-443B-B5FD-3838E0AFF1BE}.Release|x86.Build.0 = Release|Any CPU
		{ABE8C852-4434-42CB-8645-9D1F7879732B}.Debug|Any CPU.ActiveCfg = Debug|Any CPU
		{ABE8C852-4434-42CB-8645-9D1F7879732B}.Debug|Any CPU.Build.0 = Debug|Any CPU
		{ABE8C852-4434-42CB-8645-9D1F7879732B}.Debug|x64.ActiveCfg = Debug|Any CPU
		{ABE8C852-4434-42CB-8645-9D1F7879732B}.Debug|x64.Build.0 = Debug|Any CPU
		{ABE8C852-4434-42CB-8645-9D1F7879732B}.Debug|x86.ActiveCfg = Debug|Any CPU
		{ABE8C852-4434-42CB-8645-9D1F7879732B}.Debug|x86.Build.0 = Debug|Any CPU
		{ABE8C852-4434-42CB-8645-9D1F7879732B}.Release|Any CPU.ActiveCfg = Release|Any CPU
		{ABE8C852-4434-42CB-8645-9D1F7879732B}.Release|Any CPU.Build.0 = Release|Any CPU
		{ABE8C852-4434-42CB-8645-9D1F7879732B}.Release|x64.ActiveCfg = Release|Any CPU
		{ABE8C852-4434-42CB-8645-9D1F7879732B}.Release|x64.Build.0 = Release|Any CPU
		{ABE8C852-4434-42CB-8645-9D1F7879732B}.Release|x86.ActiveCfg = Release|Any CPU
		{ABE8C852-4434-42CB-8645-9D1F7879732B}.Release|x86.Build.0 = Release|Any CPU
		{FAAEA44B-B459-72EE-365F-FED251E49226}.Debug|Any CPU.ActiveCfg = Debug|Any CPU
		{FAAEA44B-B459-72EE-365F-FED251E49226}.Debug|Any CPU.Build.0 = Debug|Any CPU
		{FAAEA44B-B459-72EE-365F-FED251E49226}.Debug|x64.ActiveCfg = Debug|Any CPU
		{FAAEA44B-B459-72EE-365F-FED251E49226}.Debug|x64.Build.0 = Debug|Any CPU
		{FAAEA44B-B459-72EE-365F-FED251E49226}.Debug|x86.ActiveCfg = Debug|Any CPU
		{FAAEA44B-B459-72EE-365F-FED251E49226}.Debug|x86.Build.0 = Debug|Any CPU
		{FAAEA44B-B459-72EE-365F-FED251E49226}.Release|Any CPU.ActiveCfg = Release|Any CPU
		{FAAEA44B-B459-72EE-365F-FED251E49226}.Release|Any CPU.Build.0 = Release|Any CPU
		{FAAEA44B-B459-72EE-365F-FED251E49226}.Release|x64.ActiveCfg = Release|Any CPU
		{FAAEA44B-B459-72EE-365F-FED251E49226}.Release|x64.Build.0 = Release|Any CPU
		{FAAEA44B-B459-72EE-365F-FED251E49226}.Release|x86.ActiveCfg = Release|Any CPU
		{FAAEA44B-B459-72EE-365F-FED251E49226}.Release|x86.Build.0 = Release|Any CPU
		{50C3F862-F679-4208-AC01-3CBA9C994AC8}.Debug|Any CPU.ActiveCfg = Debug|Any CPU
		{50C3F862-F679-4208-AC01-3CBA9C994AC8}.Debug|Any CPU.Build.0 = Debug|Any CPU
		{50C3F862-F679-4208-AC01-3CBA9C994AC8}.Debug|x64.ActiveCfg = Debug|Any CPU
		{50C3F862-F679-4208-AC01-3CBA9C994AC8}.Debug|x64.Build.0 = Debug|Any CPU
		{50C3F862-F679-4208-AC01-3CBA9C994AC8}.Debug|x86.ActiveCfg = Debug|Any CPU
		{50C3F862-F679-4208-AC01-3CBA9C994AC8}.Debug|x86.Build.0 = Debug|Any CPU
		{50C3F862-F679-4208-AC01-3CBA9C994AC8}.Release|Any CPU.ActiveCfg = Release|Any CPU
		{50C3F862-F679-4208-AC01-3CBA9C994AC8}.Release|Any CPU.Build.0 = Release|Any CPU
		{50C3F862-F679-4208-AC01-3CBA9C994AC8}.Release|x64.ActiveCfg = Release|Any CPU
		{50C3F862-F679-4208-AC01-3CBA9C994AC8}.Release|x64.Build.0 = Release|Any CPU
		{50C3F862-F679-4208-AC01-3CBA9C994AC8}.Release|x86.ActiveCfg = Release|Any CPU
		{50C3F862-F679-4208-AC01-3CBA9C994AC8}.Release|x86.Build.0 = Release|Any CPU
		{1377EBAF-FAB8-45DD-A65F-4C304FF72165}.Debug|Any CPU.ActiveCfg = Debug|Any CPU
		{1377EBAF-FAB8-45DD-A65F-4C304FF72165}.Debug|Any CPU.Build.0 = Debug|Any CPU
		{1377EBAF-FAB8-45DD-A65F-4C304FF72165}.Debug|x64.ActiveCfg = Debug|Any CPU
		{1377EBAF-FAB8-45DD-A65F-4C304FF72165}.Debug|x64.Build.0 = Debug|Any CPU
		{1377EBAF-FAB8-45DD-A65F-4C304FF72165}.Debug|x86.ActiveCfg = Debug|Any CPU
		{1377EBAF-FAB8-45DD-A65F-4C304FF72165}.Debug|x86.Build.0 = Debug|Any CPU
		{1377EBAF-FAB8-45DD-A65F-4C304FF72165}.Release|Any CPU.ActiveCfg = Release|Any CPU
		{1377EBAF-FAB8-45DD-A65F-4C304FF72165}.Release|Any CPU.Build.0 = Release|Any CPU
		{1377EBAF-FAB8-45DD-A65F-4C304FF72165}.Release|x64.ActiveCfg = Release|Any CPU
		{1377EBAF-FAB8-45DD-A65F-4C304FF72165}.Release|x64.Build.0 = Release|Any CPU
		{1377EBAF-FAB8-45DD-A65F-4C304FF72165}.Release|x86.ActiveCfg = Release|Any CPU
		{1377EBAF-FAB8-45DD-A65F-4C304FF72165}.Release|x86.Build.0 = Release|Any CPU
		{36934046-EF30-4786-936E-6781ECFED5C6}.Debug|Any CPU.ActiveCfg = Debug|Any CPU
		{36934046-EF30-4786-936E-6781ECFED5C6}.Debug|Any CPU.Build.0 = Debug|Any CPU
		{36934046-EF30-4786-936E-6781ECFED5C6}.Debug|x64.ActiveCfg = Debug|Any CPU
		{36934046-EF30-4786-936E-6781ECFED5C6}.Debug|x64.Build.0 = Debug|Any CPU
		{36934046-EF30-4786-936E-6781ECFED5C6}.Debug|x86.ActiveCfg = Debug|Any CPU
		{36934046-EF30-4786-936E-6781ECFED5C6}.Debug|x86.Build.0 = Debug|Any CPU
		{36934046-EF30-4786-936E-6781ECFED5C6}.Release|Any CPU.ActiveCfg = Release|Any CPU
		{36934046-EF30-4786-936E-6781ECFED5C6}.Release|Any CPU.Build.0 = Release|Any CPU
		{36934046-EF30-4786-936E-6781ECFED5C6}.Release|x64.ActiveCfg = Release|Any CPU
		{36934046-EF30-4786-936E-6781ECFED5C6}.Release|x64.Build.0 = Release|Any CPU
		{36934046-EF30-4786-936E-6781ECFED5C6}.Release|x86.ActiveCfg = Release|Any CPU
		{36934046-EF30-4786-936E-6781ECFED5C6}.Release|x86.Build.0 = Release|Any CPU
		{4A9A4723-83B9-4169-A7E4-68030F78CB85}.Debug|Any CPU.ActiveCfg = Debug|Any CPU
		{4A9A4723-83B9-4169-A7E4-68030F78CB85}.Debug|Any CPU.Build.0 = Debug|Any CPU
		{4A9A4723-83B9-4169-A7E4-68030F78CB85}.Debug|x64.ActiveCfg = Debug|Any CPU
		{4A9A4723-83B9-4169-A7E4-68030F78CB85}.Debug|x64.Build.0 = Debug|Any CPU
		{4A9A4723-83B9-4169-A7E4-68030F78CB85}.Debug|x86.ActiveCfg = Debug|Any CPU
		{4A9A4723-83B9-4169-A7E4-68030F78CB85}.Debug|x86.Build.0 = Debug|Any CPU
		{4A9A4723-83B9-4169-A7E4-68030F78CB85}.Release|Any CPU.ActiveCfg = Release|Any CPU
		{4A9A4723-83B9-4169-A7E4-68030F78CB85}.Release|Any CPU.Build.0 = Release|Any CPU
		{4A9A4723-83B9-4169-A7E4-68030F78CB85}.Release|x64.ActiveCfg = Release|Any CPU
		{4A9A4723-83B9-4169-A7E4-68030F78CB85}.Release|x64.Build.0 = Release|Any CPU
		{4A9A4723-83B9-4169-A7E4-68030F78CB85}.Release|x86.ActiveCfg = Release|Any CPU
		{4A9A4723-83B9-4169-A7E4-68030F78CB85}.Release|x86.Build.0 = Release|Any CPU
	EndGlobalSection
	GlobalSection(SolutionProperties) = preSolution
		HideSolutionNode = FALSE
	EndGlobalSection
	GlobalSection(NestedProjects) = preSolution
		{50C3F862-F679-4208-AC01-3CBA9C994AC8} = {827E0CD3-B72D-47B6-A68D-7590B98EB39B}
		{1377EBAF-FAB8-45DD-A65F-4C304FF72165} = {827E0CD3-B72D-47B6-A68D-7590B98EB39B}
		{36934046-EF30-4786-936E-6781ECFED5C6} = {827E0CD3-B72D-47B6-A68D-7590B98EB39B}
		{4A9A4723-83B9-4169-A7E4-68030F78CB85} = {827E0CD3-B72D-47B6-A68D-7590B98EB39B}
	EndGlobalSection
	GlobalSection(ExtensibilityGlobals) = postSolution
		SolutionGuid = {326FED97-A757-4E35-AAEE-7AAFFA92B58B}
	EndGlobalSection
EndGlobal
